
Microsoft Visual Studio Solution File, Format Version 12.00
# Visual Studio Version 17
VisualStudioVersion = 17.0.31815.197
MinimumVisualStudioVersion = 10.0.40219.1
Project("{9A19103F-16F7-4668-BE54-9A1E7A4F7556}") = "NameItAfterMe.Application", "NameItAfterMe.Application\NameItAfterMe.Application.csproj", "{F36AF79B-FB8B-4C44-8E53-8769A28CE449}"
EndProject
Project("{2150E333-8FDC-42A3-9474-1A3956D46DE8}") = "Infrastructure", "Infrastructure", "{3216519E-331B-4DFC-9BCE-F4BBAD90F3AB}"
EndProject
Project("{9A19103F-16F7-4668-BE54-9A1E7A4F7556}") = "NameItAfterMe.Infrastructure", "NameItAfterMe.Infrastrucutre\NameItAfterMe.Infrastructure.csproj", "{3DAF103C-1E8A-42AB-A68F-19F4635FEE32}"
EndProject
Project("{2150E333-8FDC-42A3-9474-1A3956D46DE8}") = "Tests", "Tests", "{91A5E174-AB8A-44BF-96ED-57EE8D5A6442}"
EndProject
Project("{54A90642-561A-4BB1-A94E-469ADEE60C69}") = "nameitafterme.vue.client", "NameItAfterMe.Vue.Client\nameitafterme.vue.client.esproj", "{31F55F55-6E0F-4814-AFCF-F8171C960EB8}"
EndProject
Project("{9A19103F-16F7-4668-BE54-9A1E7A4F7556}") = "NameItAfterMe.Server", "NameItAfterMe.Blazor\Server\NameItAfterMe.Server.csproj", "{C1725545-F8BF-45F9-B0B4-4DD0546195AD}"
EndProject
Project("{9A19103F-16F7-4668-BE54-9A1E7A4F7556}") = "NameItAfterMe.Blazor.Client", "NameItAfterMe.Blazor\Client\NameItAfterMe.Blazor.Client.csproj", "{690CB7D9-7662-4DD4-AE18-F17A80D69C06}"
EndProject
Project("{9A19103F-16F7-4668-BE54-9A1E7A4F7556}") = "NameItAfterMe.Persistance", "NameItAfterMe.Persistance\NameItAfterMe.Persistance.csproj", "{3994163D-0D0B-4E4A-B068-9719C3FB1494}"
EndProject
Project("{9A19103F-16F7-4668-BE54-9A1E7A4F7556}") = "NameItAfterMe.IntegrationTests", "NameItAfterMe.IntegrationTests\NameItAfterMe.IntegrationTests.csproj", "{6F79C7BA-A067-4C31-B228-ACFC86FAAF04}"
EndProject
Global
	GlobalSection(SolutionConfigurationPlatforms) = preSolution
		Debug|Any CPU = Debug|Any CPU
		Release|Any CPU = Release|Any CPU
	EndGlobalSection
	GlobalSection(ProjectConfigurationPlatforms) = postSolution
		{F36AF79B-FB8B-4C44-8E53-8769A28CE449}.Debug|Any CPU.ActiveCfg = Debug|Any CPU
		{F36AF79B-FB8B-4C44-8E53-8769A28CE449}.Debug|Any CPU.Build.0 = Debug|Any CPU
		{F36AF79B-FB8B-4C44-8E53-8769A28CE449}.Release|Any CPU.ActiveCfg = Release|Any CPU
		{F36AF79B-FB8B-4C44-8E53-8769A28CE449}.Release|Any CPU.Build.0 = Release|Any CPU
		{3DAF103C-1E8A-42AB-A68F-19F4635FEE32}.Debug|Any CPU.ActiveCfg = Debug|Any CPU
		{3DAF103C-1E8A-42AB-A68F-19F4635FEE32}.Debug|Any CPU.Build.0 = Debug|Any CPU
		{3DAF103C-1E8A-42AB-A68F-19F4635FEE32}.Release|Any CPU.ActiveCfg = Release|Any CPU
		{3DAF103C-1E8A-42AB-A68F-19F4635FEE32}.Release|Any CPU.Build.0 = Release|Any CPU
		{31F55F55-6E0F-4814-AFCF-F8171C960EB8}.Debug|Any CPU.ActiveCfg = Debug|Any CPU
		{31F55F55-6E0F-4814-AFCF-F8171C960EB8}.Debug|Any CPU.Build.0 = Debug|Any CPU
		{31F55F55-6E0F-4814-AFCF-F8171C960EB8}.Debug|Any CPU.Deploy.0 = Debug|Any CPU
		{31F55F55-6E0F-4814-AFCF-F8171C960EB8}.Release|Any CPU.ActiveCfg = Release|Any CPU
		{31F55F55-6E0F-4814-AFCF-F8171C960EB8}.Release|Any CPU.Build.0 = Release|Any CPU
		{31F55F55-6E0F-4814-AFCF-F8171C960EB8}.Release|Any CPU.Deploy.0 = Release|Any CPU
		{C1725545-F8BF-45F9-B0B4-4DD0546195AD}.Debug|Any CPU.ActiveCfg = Debug|Any CPU
		{C1725545-F8BF-45F9-B0B4-4DD0546195AD}.Debug|Any CPU.Build.0 = Debug|Any CPU
		{C1725545-F8BF-45F9-B0B4-4DD0546195AD}.Release|Any CPU.ActiveCfg = Release|Any CPU
		{C1725545-F8BF-45F9-B0B4-4DD0546195AD}.Release|Any CPU.Build.0 = Release|Any CPU
		{690CB7D9-7662-4DD4-AE18-F17A80D69C06}.Debug|Any CPU.ActiveCfg = Debug|Any CPU
		{690CB7D9-7662-4DD4-AE18-F17A80D69C06}.Debug|Any CPU.Build.0 = Debug|Any CPU
		{690CB7D9-7662-4DD4-AE18-F17A80D69C06}.Release|Any CPU.ActiveCfg = Release|Any CPU
		{690CB7D9-7662-4DD4-AE18-F17A80D69C06}.Release|Any CPU.Build.0 = Release|Any CPU
		{3994163D-0D0B-4E4A-B068-9719C3FB1494}.Debug|Any CPU.ActiveCfg = Debug|Any CPU
		{3994163D-0D0B-4E4A-B068-9719C3FB1494}.Debug|Any CPU.Build.0 = Debug|Any CPU
		{3994163D-0D0B-4E4A-B068-9719C3FB1494}.Release|Any CPU.ActiveCfg = Release|Any CPU
		{3994163D-0D0B-4E4A-B068-9719C3FB1494}.Release|Any CPU.Build.0 = Release|Any CPU
		{6F79C7BA-A067-4C31-B228-ACFC86FAAF04}.Debug|Any CPU.ActiveCfg = Debug|Any CPU
		{6F79C7BA-A067-4C31-B228-ACFC86FAAF04}.Debug|Any CPU.Build.0 = Debug|Any CPU
		{6F79C7BA-A067-4C31-B228-ACFC86FAAF04}.Release|Any CPU.ActiveCfg = Release|Any CPU
		{6F79C7BA-A067-4C31-B228-ACFC86FAAF04}.Release|Any CPU.Build.0 = Release|Any CPU
	EndGlobalSection
	GlobalSection(SolutionProperties) = preSolution
		HideSolutionNode = FALSE
	EndGlobalSection
	GlobalSection(NestedProjects) = preSolution
		{3DAF103C-1E8A-42AB-A68F-19F4635FEE32} = {3216519E-331B-4DFC-9BCE-F4BBAD90F3AB}
		{3994163D-0D0B-4E4A-B068-9719C3FB1494} = {3216519E-331B-4DFC-9BCE-F4BBAD90F3AB}
		{6F79C7BA-A067-4C31-B228-ACFC86FAAF04} = {91A5E174-AB8A-44BF-96ED-57EE8D5A6442}
	EndGlobalSection
	GlobalSection(ExtensibilityGlobals) = postSolution
		SolutionGuid = {F21130DB-1098-419E-BBB6-A599F147C522}
	EndGlobalSection
EndGlobal
